{
    "_meta": {
        "hash": {
            "sha256": "99832f28379df29bb52aaddf73ec41e34dabbe9025cd8adffe4695c85e78c1cb"
        },
        "pipfile-spec": 6,
        "requires": {
            "python_version": "3"
        },
        "sources": [
            {
                "name": "pypi",
                "url": "https://pypi.org/simple",
                "verify_ssl": true
            }
        ]
    },
    "default": {
        "prometheus-client": {
            "hashes": [
                "sha256:190f1331e783cf21eb60bca559354e0a4d4378facecf78f5428c39b675d20d28",
                "sha256:cca895342e308174341b2cbf99a56bef291fbc0ef7b9e5412a0f26d653ba7094"
            ],
            "index": "pypi",
            "markers": "python_version >= '3.9'",
            "version": "==0.22.1"
        }
    },
    "develop": {}
}
